// !$*UTF8*$!
{
	archiveVersion = 1;
	classes = {
	};
	objectVersion = 46;
	objects = {

/* Begin PBXBuildFile section */
		6A03AFD61E65B84C005439F3 /* AppDelegate.swift in Sources */ = {isa = PBXBuildFile; fileRef = 6A03AFD51E65B84C005439F3 /* AppDelegate.swift */; };
		6A03AFD81E65B84C005439F3 /* ViewController.swift in Sources */ = {isa = PBXBuildFile; fileRef = 6A03AFD71E65B84C005439F3 /* ViewController.swift */; };
		6A03AFDB1E65B84C005439F3 /* Main.storyboard in Resources */ = {isa = PBXBuildFile; fileRef = 6A03AFD91E65B84C005439F3 /* Main.storyboard */; };
		6A03AFDD1E65B84C005439F3 /* Assets.xcassets in Resources */ = {isa = PBXBuildFile; fileRef = 6A03AFDC1E65B84C005439F3 /* Assets.xcassets */; };
		6A03AFE01E65B84C005439F3 /* LaunchScreen.storyboard in Resources */ = {isa = PBXBuildFile; fileRef = 6A03AFDE1E65B84C005439F3 /* LaunchScreen.storyboard */; };
/* End PBXBuildFile section */

/* Begin PBXFileReference section */
		6A03AFD21E65B84C005439F3 /* Lesson5.count.app */ = {isa = PBXFileReference; explicitFileType = wrapper.application; includeInIndex = 0; path = Lesson5.count.app; sourceTree = BUILT_PRODUCTS_DIR; };
		6A03AFD51E65B84C005439F3 /* AppDelegate.swift */ = {isa = PBXFileReference; lastKnownFileType = sourcecode.swift; path = AppDelegate.swift; sourceTree = "<group>"; };
		6A03AFD71E65B84C005439F3 /* ViewController.swift */ = {isa = PBXFileReference; lastKnownFileType = sourcecode.swift; path = ViewController.swift; sourceTree = "<group>"; };
		6A03AFDA1E65B84C005439F3 /* Base */ = {isa = PBXFileReference; lastKnownFileType = file.storyboard; name = Base; path = Base.lproj/Main.storyboard; sourceTree = "<group>"; };
		6A03AFDC1E65B84C005439F3 /* Assets.xcassets */ = {isa = PBXFileReference; lastKnownFileType = folder.assetcatalog; path = Assets.xcassets; sourceTree = "<group>"; };
		6A03AFDF1E65B84C005439F3 /* Base */ = {isa = PBXFileReference; lastKnownFileType = file.storyboard; name = Base; path = Base.lproj/LaunchScreen.storyboard; sourceTree = "<group>"; };
		6A03AFE11E65B84C005439F3 /* Info.plist */ = {isa = PBXFileReference; lastKnownFileType = text.plist.xml; path = Info.plist; sourceTree = "<group>"; };
/* End PBXFileReference section */

/* Begin PBXFrameworksBuildPhase section */
		6A03AFCF1E65B84C005439F3 /* Frameworks */ = {
			isa = PBXFrameworksBuildPhase;
			buildActionMask = 2147483647;
			files = (
			);
			runOnlyForDeploymentPostprocessing = 0;
		};
/* End PBXFrameworksBuildPhase section */

/* Begin PBXGroup section */
		6A03AFC91E65B84C005439F3 = {
			isa = PBXGroup;
			children = (
				6A03AFD41E65B84C005439F3 /* Lesson5.count */,
				6A03AFD31E65B84C005439F3 /* Products */,
			);
			sourceTree = "<group>";
		};
		6A03AFD31E65B84C005439F3 /* Products */ = {
			isa = PBXGroup;
			children = (
				6A03AFD21E65B84C005439F3 /* Lesson5.count.app */,
			);
			name = Products;
			sourceTree = "<group>";
		};
		6A03AFD41E65B84C005439F3 /* Lesson5.count */ = {
			isa = PBXGroup;
			children = (
				6A03AFD51E65B84C005439F3 /* AppDelegate.swift */,
				6A03AFD71E65B84C005439F3 /* ViewController.swift */,
				6A03AFD91E65B84C005439F3 /* Main.storyboard */,
				6A03AFDC1E65B84C005439F3 /* Assets.xcassets */,
				6A03AFDE1E65B84C005439F3 /* LaunchScreen.storyboard */,
				6A03AFE11E65B84C005439F3 /* Info.plist */,
			);
			path = Lesson5.count;
			sourceTree = "<group>";
		};
/* End PBXGroup section */

/* Begin PBXNativeTarget section */
		6A03AFD11E65B84C005439F3 /* Lesson5.count */ = {
			isa = PBXNativeTarget;
			buildConfigurationList = 6A03AFE41E65B84C005439F3 /* Build configuration list for PBXNativeTarget "Lesson5.count" */;
			buildPhases = (
				6A03AFCE1E65B84C005439F3 /* Sources */,
				6A03AFCF1E65B84C005439F3 /* Frameworks */,
				6A03AFD01E65B84C005439F3 /* Resources */,
			);
			buildRules = (
			);
			dependencies = (
			);
			name = Lesson5.count;
			productName = Lesson5.count;
			productReference = 6A03AFD21E65B84C005439F3 /* Lesson5.count.app */;
			productType = "com.apple.product-type.application";
		};
/* End PBXNativeTarget section */

/* Begin PBXProject section */
		6A03AFCA1E65B84C005439F3 /* Project object */ = {
			isa = PBXProject;
			attributes = {
				LastSwiftUpdateCheck = 0820;
				LastUpgradeCheck = 0820;
				ORGANIZATIONNAME = miki;
				TargetAttributes = {
					6A03AFD11E65B84C005439F3 = {
						CreatedOnToolsVersion = 8.2.1;
						ProvisioningStyle = Automatic;
					};
				};
			};
			buildConfigurationList = 6A03AFCD1E65B84C005439F3 /* Build configuration list for PBXProject "Lesson5.count" */;
			compatibilityVersion = "Xcode 3.2";
			developmentRegion = English;
			hasScannedForEncodings = 0;
			knownRegions = (
				en,
				Base,
			);
			mainGroup = 6A03AFC91E65B84C005439F3;
			productRefGroup = 6A03AFD31E65B84C005439F3 /* Products */;
			projectDirPath = "";
			projectRoot = "";
			targets = (
				6A03AFD11E65B84C005439F3 /* Lesson5.count */,
			);
		};
/* End PBXProject section */

/* Begin PBXResourcesBuildPhase section */
		6A03AFD01E65B84C005439F3 /* Resources */ = {
			isa = PBXResourcesBuildPhase;
			buildActionMask = 2147483647;
			files = (
				6A03AFE01E65B84C005439F3 /* LaunchScreen.storyboard in Resources */,
				6A03AFDD1E65B84C005439F3 /* Assets.xcassets in Resources */,
				6A03AFDB1E65B84C005439F3 /* Main.storyboard in Resources */,
			);
			runOnlyForDeploymentPostprocessing = 0;
		};
/* End PBXResourcesBuildPhase section */

/* Begin PBXSourcesBuildPhase section */
		6A03AFCE1E65B84C005439F3 /* Sources */ = {
			isa = PBXSourcesBuildPhase;
			buildActionMask = 2147483647;
			files = (
				6A03AFD81E65B84C005439F3 /* ViewController.swift in Sources */,
				6A03AFD61E65B84C005439F3 /* AppDelegate.swift in Sources */,
			);
			runOnlyForDeploymentPostprocessing = 0;
		};
/* End PBXSourcesBuildPhase section */

/* Begin PBXVariantGroup section */
		6A03AFD91E65B84C005439F3 /* Main.storyboard */ = {
			isa = PBXVariantGroup;
			children = (
				6A03AFDA1E65B84C005439F3 /* Base */,
			);
			name = Main.storyboard;
			sourceTree = "<group>";
		};
		6A03AFDE1E65B84C005439F3 /* LaunchScreen.storyboard */ = {
			isa = PBXVariantGroup;
			children = (
				6A03AFDF1E65B84C005439F3 /* Base */,
			);
			name = LaunchScreen.storyboard;
			sourceTree = "<group>";
		};
/* End PBXVariantGroup section */

/* Begin XCBuildConfiguration section */
		6A03AFE21E65B84C005439F3 /* Debug */ = {
			isa = XCBuildConfiguration;
			buildSettings = {
				ALWAYS_SEARCH_USER_PATHS = NO;
				CLANG_ANALYZER_NONNULL = YES;
				CLANG_CXX_LANGUAGE_STANDARD = "gnu++0x";
				CLANG_CXX_LIBRARY = "libc++";
				CLANG_ENABLE_MODULES = YES;
				CLANG_ENABLE_OBJC_ARC = YES;
				CLANG_WARN_BOOL_CONVERSION = YES;
				CLANG_WARN_CONSTANT_CONVERSION = YES;
				CLANG_WARN_DIRECT_OBJC_ISA_USAGE = YES_ERROR;
				CLANG_WARN_DOCUMENTATION_COMMENTS = YES;
				CLANG_WARN_EMPTY_BODY = YES;
				CLANG_WARN_ENUM_CONVERSION = YES;
				CLANG_WARN_INFINITE_RECURSION = YES;
				CLANG_WARN_INT_CONVERSION = YES;
				CLANG_WARN_OBJC_ROOT_CLASS = YES_ERROR;
				CLANG_WARN_SUSPICIOUS_MOVE = YES;
				CLANG_WARN_UNREACHABLE_CODE = YES;
				CLANG_WARN__DUPLICATE_METHOD_MATCH = YES;
				"CODE_SIGN_IDENTITY[sdk=iphoneos*]" = "iPhone Developer";
				COPY_PHASE_STRIP = NO;
				DEBUG_INFORMATION_FORMAT = dwarf;
				ENABLE_STRICT_OBJC_MSGSEND = YES;
				ENABLE_TESTABILITY = YES;
				GCC_C_LANGUAGE_STANDARD = gnu99;
				GCC_DYNAMIC_NO_PIC = NO;
				GCC_NO_COMMON_BLOCKS = YES;
				GCC_OPTIMIZATION_LEVEL = 0;
				GCC_PREPROCESSOR_DEFINITIONS = (
					"DEBUG=1",
					"$(inherited)",
				);
				GCC_WARN_64_TO_32_BIT_CONVERSION = YES;
				GCC_WARN_ABOUT_RETURN_TYPE = YES_ERROR;
				GCC_WARN_UNDECLARED_SELECTOR = YES;
				GCC_WARN_UNINITIALIZED_AUTOS = YES_AGGRESSIVE;
				GCC_WARN_UNUSED_FUNCTION = YES;
				GCC_WARN_UNUSED_VARIABLE = YES;
				IPHONEOS_DEPLOYMENT_TARGET = 10.2;
				MTL_ENABLE_DEBUG_INFO = YES;
				ONLY_ACTIVE_ARCH = YES;
				SDKROOT = iphoneos;
				SWIFT_ACTIVE_COMPILATION_CONDITIONS = DEBUG;
				SWIFT_OPTIMIZATION_LEVEL = "-Onone";
			};
			name = Debug;
		};
		6A03AFE31E65B84C005439F3 /* Release */ = {
			isa = XCBuildConfiguration;
			buildSettings = {
				ALWAYS_SEARCH_USER_PATHS = NO;
				CLANG_ANALYZER_NONNULL = YES;
				CLANG_CXX_LANGUAGE_STANDARD = "gnu++0x";
				CLANG_CXX_LIBRARY = "libc++";
				CLANG_ENABLE_MODULES = YES;
				CLANG_ENABLE_OBJC_ARC = YES;
				CLANG_WARN_BOOL_CONVERSION = YES;
				CLANG_WARN_CONSTANT_CONVERSION = YES;
				CLANG_WARN_DIRECT_OBJC_ISA_USAGE = YES_ERROR;
				CLANG_WARN_DOCUMENTATION_COMMENTS = YES;
				CLANG_WARN_EMPTY_BODY = YES;
				CLANG_WARN_ENUM_CONVERSION = YES;
				CLANG_WARN_INFINITE_RECURSION = YES;
				CLANG_WARN_INT_CONVERSION = YES;
				CLANG_WARN_OBJC_ROOT_CLASS = YES_ERROR;
				CLANG_WARN_SUSPICIOUS_MOVE = YES;
				CLANG_WARN_UNREACHABLE_CODE = YES;
				CLANG_WARN__DUPLICATE_METHOD_MATCH = YES;
				"CODE_SIGN_IDENTITY[sdk=iphoneos*]" = "iPhone Developer";
				COPY_PHASE_STRIP = NO;
				DEBUG_INFORMATION_FORMAT = "dwarf-with-dsym";
				ENABLE_NS_ASSERTIONS = NO;
				ENABLE_STRICT_OBJC_MSGSEND = YES;
				GCC_C_LANGUAGE_STANDARD = gnu99;
				GCC_NO_COMMON_BLOCKS = YES;
				GCC_WARN_64_TO_32_BIT_CONVERSION = YES;
				GCC_WARN_ABOUT_RETURN_TYPE = YES_ERROR;
				GCC_WARN_UNDECLARED_SELECTOR = YES;
				GCC_WARN_UNINITIALIZED_AUTOS = YES_AGGRESSIVE;
				GCC_WARN_UNUSED_FUNCTION = YES;
				GCC_WARN_UNUSED_VARIABLE = YES;
				IPHONEOS_DEPLOYMENT_TARGET = 10.2;
				MTL_ENABLE_DEBUG_INFO = NO;
				SDKROOT = iphoneos;
				SWIFT_OPTIMIZATION_LEVEL = "-Owholemodule";
				VALIDATE_PRODUCT = YES;
			};
			name = Release;
		};
		6A03AFE51E65B84C005439F3 /* Debug */ = {
			isa = XCBuildConfiguration;
			buildSettings = {
				ASSETCATALOG_COMPILER_APPICON_NAME = AppIcon;
				INFOPLIST_FILE = Lesson5.count/Info.plist;
				LD_RUNPATH_SEARCH_PATHS = "$(inherited) @executable_path/Frameworks";
				PRODUCT_BUNDLE_IDENTIFIER = "miki.Lesson5-count";
				PRODUCT_NAME = "$(TARGET_NAME)";
				SWIFT_VERSION = 3.0;
			};
			name = Debug;
		};
		6A03AFE61E65B84C005439F3 /* Release */ = {
			isa = XCBuildConfiguration;
			buildSettings = {
				ASSETCATALOG_COMPILER_APPICON_NAME = AppIcon;
				INFOPLIST_FILE = Lesson5.count/Info.plist;
				LD_RUNPATH_SEARCH_PATHS = "$(inherited) @executable_path/Frameworks";
				PRODUCT_BUNDLE_IDENTIFIER = "miki.Lesson5-count";
				PRODUCT_NAME = "$(TARGET_NAME)";
				SWIFT_VERSION = 3.0;
			};
			name = Release;
		};
/* End XCBuildConfiguration section */

/* Begin XCConfigurationList section */
		6A03AFCD1E65B84C005439F3 /* Build configuration list for PBXProject "Lesson5.count" */ = {
			isa = XCConfigurationList;
			buildConfigurations = (
				6A03AFE21E65B84C005439F3 /* Debug */,
				6A03AFE31E65B84C005439F3 /* Release */,
			);
			defaultConfigurationIsVisible = 0;
			defaultConfigurationName = Release;
		};
		6A03AFE41E65B84C005439F3 /* Build configuration list for PBXNativeTarget "Lesson5.count" */ = {
			isa = XCConfigurationList;
			buildConfigurations = (
				6A03AFE51E65B84C005439F3 /* Debug */,
				6A03AFE61E65B84C005439F3 /* Release */,
			);
			defaultConfigurationIsVisible = 0;
		};
/* End XCConfigurationList section */
	};
	rootObject = 6A03AFCA1E65B84C005439F3 /* Project object */;
}
